
Microsoft Visual Studio Solution File, Format Version 12.00
# Visual Studio 15
VisualStudioVersion = 15.0.28307.852
MinimumVisualStudioVersion = 10.0.40219.1
Project("{8BC9CEB8-8B4A-11D0-8D11-00A0C91BC942}") = "VTKLibrary", "KinectV2\KinectV2.vcxproj", "{19B19E7A-2F95-4AF1-A394-366FDE6AA077}"
EndProject
Project("{FAE04EC0-301F-11D3-BF4B-00C04F79EFBC}") = "KinectV2Viewer", "KinectV2Viewer\KinectV2Viewer.csproj", "{174C611E-5D7C-43DE-8A8F-4F64CBD5C179}"
EndProject
Global
	GlobalSection(SolutionConfigurationPlatforms) = preSolution
		Debug|Any CPU = Debug|Any CPU
		Debug|x64 = Debug|x64
		Debug|x86 = Debug|x86
		Release|Any CPU = Release|Any CPU
		Release|x64 = Release|x64
		Release|x86 = Release|x86
	EndGlobalSection
	GlobalSection(ProjectConfigurationPlatforms) = postSolution
		{19B19E7A-2F95-4AF1-A394-366FDE6AA077}.Debug|Any CPU.ActiveCfg = Debug|Win32
		{19B19E7A-2F95-4AF1-A394-366FDE6AA077}.Debug|x64.ActiveCfg = Debug|x64
		{19B19E7A-2F95-4AF1-A394-366FDE6AA077}.Debug|x64.Build.0 = Debug|x64
		{19B19E7A-2F95-4AF1-A394-366FDE6AA077}.Debug|x86.ActiveCfg = Debug|Win32
		{19B19E7A-2F95-4AF1-A394-366FDE6AA077}.Debug|x86.Build.0 = Debug|Win32
		{19B19E7A-2F95-4AF1-A394-366FDE6AA077}.Release|Any CPU.ActiveCfg = Release|Win32
		{19B19E7A-2F95-4AF1-A394-366FDE6AA077}.Release|x64.ActiveCfg = Release|x64
		{19B19E7A-2F95-4AF1-A394-366FDE6AA077}.Release|x64.Build.0 = Release|x64
		{19B19E7A-2F95-4AF1-A394-366FDE6AA077}.Release|x86.ActiveCfg = Release|Win32
		{19B19E7A-2F95-4AF1-A394-366FDE6AA077}.Release|x86.Build.0 = Release|Win32
		{174C611E-5D7C-43DE-8A8F-4F64CBD5C179}.Debug|Any CPU.ActiveCfg = Debug|Any CPU
		{174C611E-5D7C-43DE-8A8F-4F64CBD5C179}.Debug|Any CPU.Build.0 = Debug|Any CPU
		{174C611E-5D7C-43DE-8A8F-4F64CBD5C179}.Debug|x64.ActiveCfg = Debug|Any CPU
		{174C611E-5D7C-43DE-8A8F-4F64CBD5C179}.Debug|x64.Build.0 = Debug|Any CPU
		{174C611E-5D7C-43DE-8A8F-4F64CBD5C179}.Debug|x86.ActiveCfg = Debug|Any CPU
		{174C611E-5D7C-43DE-8A8F-4F64CBD5C179}.Debug|x86.Build.0 = Debug|Any CPU
		{174C611E-5D7C-43DE-8A8F-4F64CBD5C179}.Release|Any CPU.ActiveCfg = Release|Any CPU
		{174C611E-5D7C-43DE-8A8F-4F64CBD5C179}.Release|Any CPU.Build.0 = Release|Any CPU
		{174C611E-5D7C-43DE-8A8F-4F64CBD5C179}.Release|x64.ActiveCfg = Release|Any CPU
		{174C611E-5D7C-43DE-8A8F-4F64CBD5C179}.Release|x64.Build.0 = Release|Any CPU
		{174C611E-5D7C-43DE-8A8F-4F64CBD5C179}.Release|x86.ActiveCfg = Release|Any CPU
		{174C611E-5D7C-43DE-8A8F-4F64CBD5C179}.Release|x86.Build.0 = Release|Any CPU
	EndGlobalSection
	GlobalSection(SolutionProperties) = preSolution
		HideSolutionNode = FALSE
	EndGlobalSection
	GlobalSection(ExtensibilityGlobals) = postSolution
		SolutionGuid = {4699D00B-BED2-4A63-AA7B-40812D114EB9}
	EndGlobalSection
EndGlobal
